
Microsoft Visual Studio Solution File, Format Version 12.00
# Visual Studio Version 17
VisualStudioVersion = 17.14.36109.1 d17.14
MinimumVisualStudioVersion = 10.0.40219.1
Project("{FAE04EC0-301F-11D3-BF4B-00C04F79EFBC}") = "Personal_finances_dashboard", "Personal_finances_dashboard.csproj", "{7E235080-7BFA-4921-A59B-C9A235DB6E71}"
EndProject
Global
	GlobalSection(SolutionConfigurationPlatforms) = preSolution
		Debug|Any CPU = Debug|Any CPU
		Release|Any CPU = Release|Any CPU
	EndGlobalSection
	GlobalSection(ProjectConfigurationPlatforms) = postSolution
		{7E235080-7BFA-4921-A59B-C9A235DB6E71}.Debug|Any CPU.ActiveCfg = Debug|Any CPU
		{7E235080-7BFA-4921-A59B-C9A235DB6E71}.Debug|Any CPU.Build.0 = Debug|Any CPU
		{7E235080-7BFA-4921-A59B-C9A235DB6E71}.Release|Any CPU.ActiveCfg = Release|Any CPU
		{7E235080-7BFA-4921-A59B-C9A235DB6E71}.Release|Any CPU.Build.0 = Release|Any CPU
	EndGlobalSection
	GlobalSection(SolutionProperties) = preSolution
		HideSolutionNode = FALSE
	EndGlobalSection
	GlobalSection(ExtensibilityGlobals) = postSolution
		SolutionGuid = {A4F9824C-68C3-48F0-80E3-C171C712B603}
	EndGlobalSection
EndGlobal
